
Microsoft Visual Studio Solution File, Format Version 12.00
# Visual Studio Version 16
VisualStudioVersion = 16.0.30128.74
MinimumVisualStudioVersion = 10.0.40219.1
Project("{9A19103F-16F7-4668-BE54-9A1E7A4F7556}") = "7.8 Exercises Inheritance", "7.8 Exercises Inheritance.csproj", "{59CF6A95-041B-4600-A2B9-77C0FBDAC5A8}"
EndProject
Project("{FAE04EC0-301F-11D3-BF4B-00C04F79EFBC}") = "TechnologyTest", "..\TechnologyTest\TechnologyTest.csproj", "{AB26D27F-19FF-4F87-AC05-BAC486E561F8}"
EndProject
Global
	GlobalSection(SolutionConfigurationPlatforms) = preSolution
		Debug|Any CPU = Debug|Any CPU
		Release|Any CPU = Release|Any CPU
	EndGlobalSection
	GlobalSection(ProjectConfigurationPlatforms) = postSolution
		{59CF6A95-041B-4600-A2B9-77C0FBDAC5A8}.Debug|Any CPU.ActiveCfg = Debug|Any CPU
		{59CF6A95-041B-4600-A2B9-77C0FBDAC5A8}.Debug|Any CPU.Build.0 = Debug|Any CPU
		{59CF6A95-041B-4600-A2B9-77C0FBDAC5A8}.Release|Any CPU.ActiveCfg = Release|Any CPU
		{59CF6A95-041B-4600-A2B9-77C0FBDAC5A8}.Release|Any CPU.Build.0 = Release|Any CPU
		{AB26D27F-19FF-4F87-AC05-BAC486E561F8}.Debug|Any CPU.ActiveCfg = Debug|Any CPU
		{AB26D27F-19FF-4F87-AC05-BAC486E561F8}.Debug|Any CPU.Build.0 = Debug|Any CPU
		{AB26D27F-19FF-4F87-AC05-BAC486E561F8}.Release|Any CPU.ActiveCfg = Release|Any CPU
		{AB26D27F-19FF-4F87-AC05-BAC486E561F8}.Release|Any CPU.Build.0 = Release|Any CPU
	EndGlobalSection
	GlobalSection(SolutionProperties) = preSolution
		HideSolutionNode = FALSE
	EndGlobalSection
	GlobalSection(ExtensibilityGlobals) = postSolution
		SolutionGuid = {20FA511D-1C34-4496-9D0D-29E80B51279A}
	EndGlobalSection
EndGlobal
